// !$*UTF8*$!
{
	archiveVersion = 1;
	classes = {
	};
	objectVersion = 77;
	objects = {

/* Begin PBXContainerItemProxy section */
		80B301BC2DB0DC97004829E3 /* PBXContainerItemProxy */ = {
			isa = PBXContainerItemProxy;
			containerPortal = 80B301A22DB0DC93004829E3 /* Project object */;
			proxyType = 1;
			remoteGlobalIDString = 80B301A92DB0DC93004829E3;
			remoteInfo = IPASigner;
		};
		80B301C62DB0DC97004829E3 /* PBXContainerItemProxy */ = {
			isa = PBXContainerItemProxy;
			containerPortal = 80B301A22DB0DC93004829E3 /* Project object */;
			proxyType = 1;
			remoteGlobalIDString = 80B301A92DB0DC93004829E3;
			remoteInfo = IPASigner;
		};
/* End PBXContainerItemProxy section */

/* Begin PBXFileReference section */
		80B301AA2DB0DC93004829E3 /* IPASigner.app */ = {isa = PBXFileReference; explicitFileType = wrapper.application; includeInIndex = 0; path = IPASigner.app; sourceTree = BUILT_PRODUCTS_DIR; };
		80B301BB2DB0DC97004829E3 /* IPASignerTests.xctest */ = {isa = PBXFileReference; explicitFileType = wrapper.cfbundle; includeInIndex = 0; path = IPASignerTests.xctest; sourceTree = BUILT_PRODUCTS_DIR; };
		80B301C52DB0DC97004829E3 /* IPASignerUITests.xctest */ = {isa = PBXFileReference; explicitFileType = wrapper.cfbundle; includeInIndex = 0; path = IPASignerUITests.xctest; sourceTree = BUILT_PRODUCTS_DIR; };
/* End PBXFileReference section */

/* Begin PBXFileSystemSynchronizedRootGroup section */
		80B301AC2DB0DC93004829E3 /* IPASigner */ = {
			isa = PBXFileSystemSynchronizedRootGroup;
			path = IPASigner;
			sourceTree = "<group>";
		};
		80B301BE2DB0DC97004829E3 /* IPASignerTests */ = {
			isa = PBXFileSystemSynchronizedRootGroup;
			path = IPASignerTests;
			sourceTree = "<group>";
		};
		80B301C82DB0DC97004829E3 /* IPASignerUITests */ = {
			isa = PBXFileSystemSynchronizedRootGroup;
			path = IPASignerUITests;
			sourceTree = "<group>";
		};
/* End PBXFileSystemSynchronizedRootGroup section */

/* Begin PBXFrameworksBuildPhase section */
		80B301A72DB0DC93004829E3 /* Frameworks */ = {
			isa = PBXFrameworksBuildPhase;
			buildActionMask = 2147483647;
			files = (
			);
			runOnlyForDeploymentPostprocessing = 0;
		};
		80B301B82DB0DC97004829E3 /* Frameworks */ = {
			isa = PBXFrameworksBuildPhase;
			buildActionMask = 2147483647;
			files = (
			);
			runOnlyForDeploymentPostprocessing = 0;
		};
		80B301C22DB0DC97004829E3 /* Frameworks */ = {
			isa = PBXFrameworksBuildPhase;
			buildActionMask = 2147483647;
			files = (
			);
			runOnlyForDeploymentPostprocessing = 0;
		};
/* End PBXFrameworksBuildPhase section */

/* Begin PBXGroup section */
		80B301A12DB0DC93004829E3 = {
			isa = PBXGroup;
			children = (
				80B301AC2DB0DC93004829E3 /* IPASigner */,
				80B301BE2DB0DC97004829E3 /* IPASignerTests */,
				80B301C82DB0DC97004829E3 /* IPASignerUITests */,
				80B301AB2DB0DC93004829E3 /* Products */,
			);
			sourceTree = "<group>";
		};
		80B301AB2DB0DC93004829E3 /* Products */ = {
			isa = PBXGroup;
			children = (
				80B301AA2DB0DC93004829E3 /* IPASigner.app */,
				80B301BB2DB0DC97004829E3 /* IPASignerTests.xctest */,
				80B301C52DB0DC97004829E3 /* IPASignerUITests.xctest */,
			);
			name = Products;
			sourceTree = "<group>";
		};
/* End PBXGroup section */

/* Begin PBXNativeTarget section */
		80B301A92DB0DC93004829E3 /* IPASigner */ = {
			isa = PBXNativeTarget;
			buildConfigurationList = 80B301CF2DB0DC97004829E3 /* Build configuration list for PBXNativeTarget "IPASigner" */;
			buildPhases = (
				80B301A62DB0DC93004829E3 /* Sources */,
				80B301A72DB0DC93004829E3 /* Frameworks */,
				80B301A82DB0DC93004829E3 /* Resources */,
			);
			buildRules = (
			);
			dependencies = (
			);
			fileSystemSynchronizedGroups = (
				80B301AC2DB0DC93004829E3 /* IPASigner */,
			);
			name = IPASigner;
			packageProductDependencies = (
			);
			productName = IPASigner;
			productReference = 80B301AA2DB0DC93004829E3 /* IPASigner.app */;
			productType = "com.apple.product-type.application";
		};
		80B301BA2DB0DC97004829E3 /* IPASignerTests */ = {
			isa = PBXNativeTarget;
			buildConfigurationList = 80B301D22DB0DC97004829E3 /* Build configuration list for PBXNativeTarget "IPASignerTests" */;
			buildPhases = (
				80B301B72DB0DC97004829E3 /* Sources */,
				80B301B82DB0DC97004829E3 /* Frameworks */,
				80B301B92DB0DC97004829E3 /* Resources */,
			);
			buildRules = (
			);
			dependencies = (
				80B301BD2DB0DC97004829E3 /* PBXTargetDependency */,
			);
			fileSystemSynchronizedGroups = (
				80B301BE2DB0DC97004829E3 /* IPASignerTests */,
			);
			name = IPASignerTests;
			packageProductDependencies = (
			);
			productName = IPASignerTests;
			productReference = 80B301BB2DB0DC97004829E3 /* IPASignerTests.xctest */;
			productType = "com.apple.product-type.bundle.unit-test";
		};
		80B301C42DB0DC97004829E3 /* IPASignerUITests */ = {
			isa = PBXNativeTarget;
			buildConfigurationList = 80B301D52DB0DC97004829E3 /* Build configuration list for PBXNativeTarget "IPASignerUITests" */;
			buildPhases = (
				80B301C12DB0DC97004829E3 /* Sources */,
				80B301C22DB0DC97004829E3 /* Frameworks */,
				80B301C32DB0DC97004829E3 /* Resources */,
			);
			buildRules = (
			);
			dependencies = (
				80B301C72DB0DC97004829E3 /* PBXTargetDependency */,
			);
			fileSystemSynchronizedGroups = (
				80B301C82DB0DC97004829E3 /* IPASignerUITests */,
			);
			name = IPASignerUITests;
			packageProductDependencies = (
			);
			productName = IPASignerUITests;
			productReference = 80B301C52DB0DC97004829E3 /* IPASignerUITests.xctest */;
			productType = "com.apple.product-type.bundle.ui-testing";
		};
/* End PBXNativeTarget section */

/* Begin PBXProject section */
		80B301A22DB0DC93004829E3 /* Project object */ = {
			isa = PBXProject;
			attributes = {
				BuildIndependentTargetsInParallel = 1;
				LastSwiftUpdateCheck = 1620;
				LastUpgradeCheck = 1620;
				TargetAttributes = {
					80B301A92DB0DC93004829E3 = {
						CreatedOnToolsVersion = 16.2;
					};
					80B301BA2DB0DC97004829E3 = {
						CreatedOnToolsVersion = 16.2;
						TestTargetID = 80B301A92DB0DC93004829E3;
					};
					80B301C42DB0DC97004829E3 = {
						CreatedOnToolsVersion = 16.2;
						TestTargetID = 80B301A92DB0DC93004829E3;
					};
				};
			};
			buildConfigurationList = 80B301A52DB0DC93004829E3 /* Build configuration list for PBXProject "IPASigner" */;
			developmentRegion = en;
			hasScannedForEncodings = 0;
			knownRegions = (
				en,
				Base,
			);
			mainGroup = 80B301A12DB0DC93004829E3;
			minimizedProjectReferenceProxies = 1;
			preferredProjectObjectVersion = 77;
			productRefGroup = 80B301AB2DB0DC93004829E3 /* Products */;
			projectDirPath = "";
			projectRoot = "";
			targets = (
				80B301A92DB0DC93004829E3 /* IPASigner */,
				80B301BA2DB0DC97004829E3 /* IPASignerTests */,
				80B301C42DB0DC97004829E3 /* IPASignerUITests */,
			);
		};
/* End PBXProject section */

/* Begin PBXResourcesBuildPhase section */
		80B301A82DB0DC93004829E3 /* Resources */ = {
			isa = PBXResourcesBuildPhase;
			buildActionMask = 2147483647;
			files = (
			);
			runOnlyForDeploymentPostprocessing = 0;
		};
		80B301B92DB0DC97004829E3 /* Resources */ = {
			isa = PBXResourcesBuildPhase;
			buildActionMask = 2147483647;
			files = (
			);
			runOnlyForDeploymentPostprocessing = 0;
		};
		80B301C32DB0DC97004829E3 /* Resources */ = {
			isa = PBXResourcesBuildPhase;
			buildActionMask = 2147483647;
			files = (
			);
			runOnlyForDeploymentPostprocessing = 0;
		};
/* End PBXResourcesBuildPhase section */

/* Begin PBXSourcesBuildPhase section */
		80B301A62DB0DC93004829E3 /* Sources */ = {
			isa = PBXSourcesBuildPhase;
			buildActionMask = 2147483647;
			files = (
			);
			runOnlyForDeploymentPostprocessing = 0;
		};
		80B301B72DB0DC97004829E3 /* Sources */ = {
			isa = PBXSourcesBuildPhase;
			buildActionMask = 2147483647;
			files = (
			);
			runOnlyForDeploymentPostprocessing = 0;
		};
		80B301C12DB0DC97004829E3 /* Sources */ = {
			isa = PBXSourcesBuildPhase;
			buildActionMask = 2147483647;
			files = (
			);
			runOnlyForDeploymentPostprocessing = 0;
		};
/* End PBXSourcesBuildPhase section */

/* Begin PBXTargetDependency section */
		80B301BD2DB0DC97004829E3 /* PBXTargetDependency */ = {
			isa = PBXTargetDependency;
			target = 80B301A92DB0DC93004829E3 /* IPASigner */;
			targetProxy = 80B301BC2DB0DC97004829E3 /* PBXContainerItemProxy */;
		};
		80B301C72DB0DC97004829E3 /* PBXTargetDependency */ = {
			isa = PBXTargetDependency;
			target = 80B301A92DB0DC93004829E3 /* IPASigner */;
			targetProxy = 80B301C62DB0DC97004829E3 /* PBXContainerItemProxy */;
		};
/* End PBXTargetDependency section */

/* Begin XCBuildConfiguration section */
		80B301CD2DB0DC97004829E3 /* Debug */ = {
			isa = XCBuildConfiguration;
			buildSettings = {
				ALWAYS_SEARCH_USER_PATHS = NO;
				ASSETCATALOG_COMPILER_GENERATE_SWIFT_ASSET_SYMBOL_EXTENSIONS = YES;
				CLANG_ANALYZER_NONNULL = YES;
				CLANG_ANALYZER_NUMBER_OBJECT_CONVERSION = YES_AGGRESSIVE;
				CLANG_CXX_LANGUAGE_STANDARD = "gnu++20";
				CLANG_ENABLE_MODULES = YES;
				CLANG_ENABLE_OBJC_ARC = YES;
				CLANG_ENABLE_OBJC_WEAK = YES;
				CLANG_WARN_BLOCK_CAPTURE_AUTORELEASING = YES;
				CLANG_WARN_BOOL_CONVERSION = YES;
				CLANG_WARN_COMMA = YES;
				CLANG_WARN_CONSTANT_CONVERSION = YES;
				CLANG_WARN_DEPRECATED_OBJC_IMPLEMENTATIONS = YES;
				CLANG_WARN_DIRECT_OBJC_ISA_USAGE = YES_ERROR;
				CLANG_WARN_DOCUMENTATION_COMMENTS = YES;
				CLANG_WARN_EMPTY_BODY = YES;
				CLANG_WARN_ENUM_CONVERSION = YES;
				CLANG_WARN_INFINITE_RECURSION = YES;
				CLANG_WARN_INT_CONVERSION = YES;
				CLANG_WARN_NON_LITERAL_NULL_CONVERSION = YES;
				CLANG_WARN_OBJC_IMPLICIT_RETAIN_SELF = YES;
				CLANG_WARN_OBJC_LITERAL_CONVERSION = YES;
				CLANG_WARN_OBJC_ROOT_CLASS = YES_ERROR;
				CLANG_WARN_QUOTED_INCLUDE_IN_FRAMEWORK_HEADER = YES;
				CLANG_WARN_RANGE_LOOP_ANALYSIS = YES;
				CLANG_WARN_STRICT_PROTOTYPES = YES;
				CLANG_WARN_SUSPICIOUS_MOVE = YES;
				CLANG_WARN_UNGUARDED_AVAILABILITY = YES_AGGRESSIVE;
				CLANG_WARN_UNREACHABLE_CODE = YES;
				CLANG_WARN__DUPLICATE_METHOD_MATCH = YES;
				COPY_PHASE_STRIP = NO;
				DEBUG_INFORMATION_FORMAT = dwarf;
				ENABLE_STRICT_OBJC_MSGSEND = YES;
				ENABLE_TESTABILITY = YES;
				ENABLE_USER_SCRIPT_SANDBOXING = YES;
				GCC_C_LANGUAGE_STANDARD = gnu17;
				GCC_DYNAMIC_NO_PIC = NO;
				GCC_NO_COMMON_BLOCKS = YES;
				GCC_OPTIMIZATION_LEVEL = 0;
				GCC_PREPROCESSOR_DEFINITIONS = (
					"DEBUG=1",
					"$(inherited)",
				);
				GCC_WARN_64_TO_32_BIT_CONVERSION = YES;
				GCC_WARN_ABOUT_RETURN_TYPE = YES_ERROR;
				GCC_WARN_UNDECLARED_SELECTOR = YES;
				GCC_WARN_UNINITIALIZED_AUTOS = YES_AGGRESSIVE;
				GCC_WARN_UNUSED_FUNCTION = YES;
				GCC_WARN_UNUSED_VARIABLE = YES;
				LOCALIZATION_PREFERS_STRING_CATALOGS = YES;
				MACOSX_DEPLOYMENT_TARGET = 15.2;
				MTL_ENABLE_DEBUG_INFO = INCLUDE_SOURCE;
				MTL_FAST_MATH = YES;
				ONLY_ACTIVE_ARCH = YES;
				SDKROOT = macosx;
				SWIFT_ACTIVE_COMPILATION_CONDITIONS = "DEBUG $(inherited)";
				SWIFT_OPTIMIZATION_LEVEL = "-Onone";
			};
			name = Debug;
		};
		80B301CE2DB0DC97004829E3 /* Release */ = {
			isa = XCBuildConfiguration;
			buildSettings = {
				ALWAYS_SEARCH_USER_PATHS = NO;
				ASSETCATALOG_COMPILER_GENERATE_SWIFT_ASSET_SYMBOL_EXTENSIONS = YES;
				CLANG_ANALYZER_NONNULL = YES;
				CLANG_ANALYZER_NUMBER_OBJECT_CONVERSION = YES_AGGRESSIVE;
				CLANG_CXX_LANGUAGE_STANDARD = "gnu++20";
				CLANG_ENABLE_MODULES = YES;
				CLANG_ENABLE_OBJC_ARC = YES;
				CLANG_ENABLE_OBJC_WEAK = YES;
				CLANG_WARN_BLOCK_CAPTURE_AUTORELEASING = YES;
				CLANG_WARN_BOOL_CONVERSION = YES;
				CLANG_WARN_COMMA = YES;
				CLANG_WARN_CONSTANT_CONVERSION = YES;
				CLANG_WARN_DEPRECATED_OBJC_IMPLEMENTATIONS = YES;
				CLANG_WARN_DIRECT_OBJC_ISA_USAGE = YES_ERROR;
				CLANG_WARN_DOCUMENTATION_COMMENTS = YES;
				CLANG_WARN_EMPTY_BODY = YES;
				CLANG_WARN_ENUM_CONVERSION = YES;
				CLANG_WARN_INFINITE_RECURSION = YES;
				CLANG_WARN_INT_CONVERSION = YES;
				CLANG_WARN_NON_LITERAL_NULL_CONVERSION = YES;
				CLANG_WARN_OBJC_IMPLICIT_RETAIN_SELF = YES;
				CLANG_WARN_OBJC_LITERAL_CONVERSION = YES;
				CLANG_WARN_OBJC_ROOT_CLASS = YES_ERROR;
				CLANG_WARN_QUOTED_INCLUDE_IN_FRAMEWORK_HEADER = YES;
				CLANG_WARN_RANGE_LOOP_ANALYSIS = YES;
				CLANG_WARN_STRICT_PROTOTYPES = YES;
				CLANG_WARN_SUSPICIOUS_MOVE = YES;
				CLANG_WARN_UNGUARDED_AVAILABILITY = YES_AGGRESSIVE;
				CLANG_WARN_UNREACHABLE_CODE = YES;
				CLANG_WARN__DUPLICATE_METHOD_MATCH = YES;
				COPY_PHASE_STRIP = NO;
				DEBUG_INFORMATION_FORMAT = "dwarf-with-dsym";
				ENABLE_NS_ASSERTIONS = NO;
				ENABLE_STRICT_OBJC_MSGSEND = YES;
				ENABLE_USER_SCRIPT_SANDBOXING = YES;
				GCC_C_LANGUAGE_STANDARD = gnu17;
				GCC_NO_COMMON_BLOCKS = YES;
				GCC_WARN_64_TO_32_BIT_CONVERSION = YES;
				GCC_WARN_ABOUT_RETURN_TYPE = YES_ERROR;
				GCC_WARN_UNDECLARED_SELECTOR = YES;
				GCC_WARN_UNINITIALIZED_AUTOS = YES_AGGRESSIVE;
				GCC_WARN_UNUSED_FUNCTION = YES;
				GCC_WARN_UNUSED_VARIABLE = YES;
				LOCALIZATION_PREFERS_STRING_CATALOGS = YES;
				MACOSX_DEPLOYMENT_TARGET = 15.2;
				MTL_ENABLE_DEBUG_INFO = NO;
				MTL_FAST_MATH = YES;
				SDKROOT = macosx;
				SWIFT_COMPILATION_MODE = wholemodule;
			};
			name = Release;
		};
		80B301D02DB0DC97004829E3 /* Debug */ = {
			isa = XCBuildConfiguration;
			buildSettings = {
				ASSETCATALOG_COMPILER_APPICON_NAME = AppIcon;
				ASSETCATALOG_COMPILER_GLOBAL_ACCENT_COLOR_NAME = AccentColor;
				CODE_SIGN_ENTITLEMENTS = IPASigner/IPASigner.entitlements;
				CODE_SIGN_STYLE = Automatic;
				COMBINE_HIDPI_IMAGES = YES;
				CURRENT_PROJECT_VERSION = 1;
				DEVELOPMENT_ASSET_PATHS = "\"IPASigner/Preview Content\"";
				DEVELOPMENT_TEAM = HS2SJ2APRH;
				ENABLE_HARDENED_RUNTIME = YES;
				ENABLE_PREVIEWS = YES;
				GENERATE_INFOPLIST_FILE = YES;
				INFOPLIST_KEY_NSHumanReadableCopyright = "";
				LD_RUNPATH_SEARCH_PATHS = (
					"$(inherited)",
					"@executable_path/../Frameworks",
				);
				MARKETING_VERSION = 1.0;
				PRODUCT_BUNDLE_IDENTIFIER = com.ipasigner.com.IPASigner;
				PRODUCT_NAME = "$(TARGET_NAME)";
				SWIFT_EMIT_LOC_STRINGS = YES;
				SWIFT_VERSION = 5.0;
			};
			name = Debug;
		};
		80B301D12DB0DC97004829E3 /* Release */ = {
			isa = XCBuildConfiguration;
			buildSettings = {
				ASSETCATALOG_COMPILER_APPICON_NAME = AppIcon;
				ASSETCATALOG_COMPILER_GLOBAL_ACCENT_COLOR_NAME = AccentColor;
				CODE_SIGN_ENTITLEMENTS = IPASigner/IPASigner.entitlements;
				CODE_SIGN_STYLE = Automatic;
				COMBINE_HIDPI_IMAGES = YES;
				CURRENT_PROJECT_VERSION = 1;
				DEVELOPMENT_ASSET_PATHS = "\"IPASigner/Preview Content\"";
				DEVELOPMENT_TEAM = HS2SJ2APRH;
				ENABLE_HARDENED_RUNTIME = YES;
				ENABLE_PREVIEWS = YES;
				GENERATE_INFOPLIST_FILE = YES;
				INFOPLIST_KEY_NSHumanReadableCopyright = "";
				LD_RUNPATH_SEARCH_PATHS = (
					"$(inherited)",
					"@executable_path/../Frameworks",
				);
				MARKETING_VERSION = 1.0;
				PRODUCT_BUNDLE_IDENTIFIER = com.ipasigner.com.IPASigner;
				PRODUCT_NAME = "$(TARGET_NAME)";
				SWIFT_EMIT_LOC_STRINGS = YES;
				SWIFT_VERSION = 5.0;
			};
			name = Release;
		};
		80B301D32DB0DC97004829E3 /* Debug */ = {
			isa = XCBuildConfiguration;
			buildSettings = {
				BUNDLE_LOADER = "$(TEST_HOST)";
				CODE_SIGN_STYLE = Automatic;
				CURRENT_PROJECT_VERSION = 1;
				DEVELOPMENT_TEAM = HS2SJ2APRH;
				GENERATE_INFOPLIST_FILE = YES;
				MACOSX_DEPLOYMENT_TARGET = 15.2;
				MARKETING_VERSION = 1.0;
				PRODUCT_BUNDLE_IDENTIFIER = com.ipasigner.com.IPASignerTests;
				PRODUCT_NAME = "$(TARGET_NAME)";
				SWIFT_EMIT_LOC_STRINGS = NO;
				SWIFT_VERSION = 5.0;
				TEST_HOST = "$(BUILT_PRODUCTS_DIR)/IPASigner.app/$(BUNDLE_EXECUTABLE_FOLDER_PATH)/IPASigner";
			};
			name = Debug;
		};
		80B301D42DB0DC97004829E3 /* Release */ = {
			isa = XCBuildConfiguration;
			buildSettings = {
				BUNDLE_LOADER = "$(TEST_HOST)";
				CODE_SIGN_STYLE = Automatic;
				CURRENT_PROJECT_VERSION = 1;
				DEVELOPMENT_TEAM = HS2SJ2APRH;
				GENERATE_INFOPLIST_FILE = YES;
				MACOSX_DEPLOYMENT_TARGET = 15.2;
				MARKETING_VERSION = 1.0;
				PRODUCT_BUNDLE_IDENTIFIER = com.ipasigner.com.IPASignerTests;
				PRODUCT_NAME = "$(TARGET_NAME)";
				SWIFT_EMIT_LOC_STRINGS = NO;
				SWIFT_VERSION = 5.0;
				TEST_HOST = "$(BUILT_PRODUCTS_DIR)/IPASigner.app/$(BUNDLE_EXECUTABLE_FOLDER_PATH)/IPASigner";
			};
			name = Release;
		};
		80B301D62DB0DC97004829E3 /* Debug */ = {
			isa = XCBuildConfiguration;
			buildSettings = {
				CODE_SIGN_STYLE = Automatic;
				CURRENT_PROJECT_VERSION = 1;
				DEVELOPMENT_TEAM = HS2SJ2APRH;
				GENERATE_INFOPLIST_FILE = YES;
				MARKETING_VERSION = 1.0;
				PRODUCT_BUNDLE_IDENTIFIER = com.ipasigner.com.IPASignerUITests;
				PRODUCT_NAME = "$(TARGET_NAME)";
				SWIFT_EMIT_LOC_STRINGS = NO;
				SWIFT_VERSION = 5.0;
				TEST_TARGET_NAME = IPASigner;
			};
			name = Debug;
		};
		80B301D72DB0DC97004829E3 /* Release */ = {
			isa = XCBuildConfiguration;
			buildSettings = {
				CODE_SIGN_STYLE = Automatic;
				CURRENT_PROJECT_VERSION = 1;
				DEVELOPMENT_TEAM = HS2SJ2APRH;
				GENERATE_INFOPLIST_FILE = YES;
				MARKETING_VERSION = 1.0;
				PRODUCT_BUNDLE_IDENTIFIER = com.ipasigner.com.IPASignerUITests;
				PRODUCT_NAME = "$(TARGET_NAME)";
				SWIFT_EMIT_LOC_STRINGS = NO;
				SWIFT_VERSION = 5.0;
				TEST_TARGET_NAME = IPASigner;
			};
			name = Release;
		};
/* End XCBuildConfiguration section */

/* Begin XCConfigurationList section */
		80B301A52DB0DC93004829E3 /* Build configuration list for PBXProject "IPASigner" */ = {
			isa = XCConfigurationList;
			buildConfigurations = (
				80B301CD2DB0DC97004829E3 /* Debug */,
				80B301CE2DB0DC97004829E3 /* Release */,
			);
			defaultConfigurationIsVisible = 0;
			defaultConfigurationName = Release;
		};
		80B301CF2DB0DC97004829E3 /* Build configuration list for PBXNativeTarget "IPASigner" */ = {
			isa = XCConfigurationList;
			buildConfigurations = (
				80B301D02DB0DC97004829E3 /* Debug */,
				80B301D12DB0DC97004829E3 /* Release */,
			);
			defaultConfigurationIsVisible = 0;
			defaultConfigurationName = Release;
		};
		80B301D22DB0DC97004829E3 /* Build configuration list for PBXNativeTarget "IPASignerTests" */ = {
			isa = XCConfigurationList;
			buildConfigurations = (
				80B301D32DB0DC97004829E3 /* Debug */,
				80B301D42DB0DC97004829E3 /* Release */,
			);
			defaultConfigurationIsVisible = 0;
			defaultConfigurationName = Release;
		};
		80B301D52DB0DC97004829E3 /* Build configuration list for PBXNativeTarget "IPASignerUITests" */ = {
			isa = XCConfigurationList;
			buildConfigurations = (
				80B301D62DB0DC97004829E3 /* Debug */,
				80B301D72DB0DC97004829E3 /* Release */,
			);
			defaultConfigurationIsVisible = 0;
			defaultConfigurationName = Release;
		};
/* End XCConfigurationList section */
	};
	rootObject = 80B301A22DB0DC93004829E3 /* Project object */;
}
